{
  "name": "@cicadoidea/propagator",
  "version": "0.0.1",
  "lockfileVersion": 1,
  "requires": true,
  "dependencies": {
    "@cicadoidea/basic": {
      "version": "0.0.3",
      "resolved": "https://registry.npmjs.org/@cicadoidea/basic/-/basic-0.0.3.tgz",
      "integrity": "sha512-n+nC1cXtpxNyJ5LSbE/kvasAegVdyYkSixr5UPRemfrMldRJM1Ik3WZ7h3rRlRRM3Qk2NueNDOKbhQ8Idfr8Mg=="
    }
  }
}
